Microsoft Visual Studio Solution File, Format Version 12.00
# Visual Studio Version 17
VisualStudioVersion = 17.12.35707.178
MinimumVisualStudioVersion = 10.0.40219.1
Project("{FAE04EC0-301F-11D3-BF4B-00C04F79EFBC}") = "ForumManager.Domain", "ForumManager.Domain\ForumManager.Domain.csproj", "{8F732D68-F73A-4FE7-8ED7-09BE033D28BA}"
EndProject
Project("{FAE04EC0-301F-11D3-BF4B-00C04F79EFBC}") = "ForumManager.Infrastructure", "ForumManager.Infrastructure\ForumManager.Infrastructure.csproj", "{9CD616F3-1E1B-40FE-A916-6430F294AC92}"
EndProject
Project("{FAE04EC0-301F-11D3-BF4B-00C04F79EFBC}") = "ForumManager.WebAPI", "ForumManager.WebAPI\ForumManager.WebAPI.csproj", "{AEF54670-0FB6-4431-B5D7-C6511A43E024}"
EndProject
Global
	GlobalSection(SolutionConfigurationPlatforms) = preSolution
		Debug|Any CPU = Debug|Any CPU
		Release|Any CPU = Release|Any CPU
	EndGlobalSection
	GlobalSection(ProjectConfigurationPlatforms) = postSolution
		{8F732D68-F73A-4FE7-8ED7-09BE033D28BA}.Debug|Any CPU.ActiveCfg = Debug|Any CPU
		{8F732D68-F73A-4FE7-8ED7-09BE033D28BA}.Debug|Any CPU.Build.0 = Debug|Any CPU
		{8F732D68-F73A-4FE7-8ED7-09BE033D28BA}.Release|Any CPU.ActiveCfg = Release|Any CPU
		{8F732D68-F73A-4FE7-8ED7-09BE033D28BA}.Release|Any CPU.Build.0 = Release|Any CPU
		{9CD616F3-1E1B-40FE-A916-6430F294AC92}.Debug|Any CPU.ActiveCfg = Debug|Any CPU
		{9CD616F3-1E1B-40FE-A916-6430F294AC92}.Debug|Any CPU.Build.0 = Debug|Any CPU
		{9CD616F3-1E1B-40FE-A916-6430F294AC92}.Release|Any CPU.ActiveCfg = Release|Any CPU
		{9CD616F3-1E1B-40FE-A916-6430F294AC92}.Release|Any CPU.Build.0 = Release|Any CPU
		{AEF54670-0FB6-4431-B5D7-C6511A43E024}.Debug|Any CPU.ActiveCfg = Debug|Any CPU
		{AEF54670-0FB6-4431-B5D7-C6511A43E024}.Debug|Any CPU.Build.0 = Debug|Any CPU
		{AEF54670-0FB6-4431-B5D7-C6511A43E024}.Release|Any CPU.ActiveCfg = Release|Any CPU
		{AEF54670-0FB6-4431-B5D7-C6511A43E024}.Release|Any CPU.Build.0 = Release|Any CPU
	EndGlobalSection
	GlobalSection(SolutionProperties) = preSolution
		HideSolutionNode = FALSE
	EndGlobalSection
EndGlobal
